
Microsoft Visual Studio Solution File, Format Version 12.00
# Visual Studio 15
VisualStudioVersion = 15.0.28307.489
MinimumVisualStudioVersion = 10.0.40219.1
Project("{FAE04EC0-301F-11D3-BF4B-00C04F79EFBC}") = "CssMediaQueryTest", "CssMediaQueryTest\CssMediaQueryTest.csproj", "{A7F8462E-6887-4EC7-98D6-496F6D3515F5}"
EndProject
Project("{2150E333-8FDC-42A3-9474-1A3956D46DE8}") = "Solution Items", "Solution Items", "{85F9367D-F960-4B04-9789-BCAC0281221F}"
EndProject
Global
	GlobalSection(SolutionConfigurationPlatforms) = preSolution
		Debug|Any CPU = Debug|Any CPU
		Release|Any CPU = Release|Any CPU
	EndGlobalSection
	GlobalSection(ProjectConfigurationPlatforms) = postSolution
		{A7F8462E-6887-4EC7-98D6-496F6D3515F5}.Debug|Any CPU.ActiveCfg = Debug|Any CPU
		{A7F8462E-6887-4EC7-98D6-496F6D3515F5}.Debug|Any CPU.Build.0 = Debug|Any CPU
		{A7F8462E-6887-4EC7-98D6-496F6D3515F5}.Release|Any CPU.ActiveCfg = Release|Any CPU
		{A7F8462E-6887-4EC7-98D6-496F6D3515F5}.Release|Any CPU.Build.0 = Release|Any CPU
	EndGlobalSection
	GlobalSection(SolutionProperties) = preSolution
		HideSolutionNode = FALSE
	EndGlobalSection
	GlobalSection(ExtensibilityGlobals) = postSolution
		SolutionGuid = {6D7857E2-580C-4140-9B12-75D6E792CFAD}
	EndGlobalSection
EndGlobal
